lockfileVersion: 5.4

dependencies:
  mineflayer:
    specifier: ^4.26.0
    version: 4.26.0
  tsx:
    specifier: ^4.7.1
    version: 4.7.1

packages:
  /mineflayer@4.26.0:
    resolution: {integrity: sha512-xxxxxxxxxxxxxxxxxxxxxxxxxxxxxxxxxxxxxxxxxx}
    engines: {node: '>=14'}
    dependencies:
      prismarine-chat: ^1.0.0
  /tsx@4.7.1:
    resolution: {integrity: sha512-yyyyyyyyyyyyyyyyyyyyyyyyyyyyyyyyyyyyyyyyyy}
    engines: {node: '>=14'}

settings:
  auto-install-peers: true
